
Microsoft Visual Studio Solution File, Format Version 12.00
# Visual Studio Version 16
VisualStudioVersion = 16.0.31729.503
MinimumVisualStudioVersion = 10.0.40219.1
Project("{FAE04EC0-301F-11D3-BF4B-00C04F79EFBC}") = "is_takip_proje", "is_takip_proje\is_takip_proje.csproj", "{F4FF51DD-E3AB-4B71-BF24-84B1E169C596}"
EndProject
Global
	GlobalSection(SolutionConfigurationPlatforms) = preSolution
		Debug|Any CPU = Debug|Any CPU
		Release|Any CPU = Release|Any CPU
	EndGlobalSection
	GlobalSection(ProjectConfigurationPlatforms) = postSolution
		{F4FF51DD-E3AB-4B71-BF24-84B1E169C596}.Debug|Any CPU.ActiveCfg = Debug|Any CPU
		{F4FF51DD-E3AB-4B71-BF24-84B1E169C596}.Debug|Any CPU.Build.0 = Debug|Any CPU
		{F4FF51DD-E3AB-4B71-BF24-84B1E169C596}.Release|Any CPU.ActiveCfg = Release|Any CPU
		{F4FF51DD-E3AB-4B71-BF24-84B1E169C596}.Release|Any CPU.Build.0 = Release|Any CPU
	EndGlobalSection
	GlobalSection(SolutionProperties) = preSolution
		HideSolutionNode = FALSE
	EndGlobalSection
	GlobalSection(ExtensibilityGlobals) = postSolution
		SolutionGuid = {2D9B6B41-B998-4385-B460-B406561079AE}
	EndGlobalSection
EndGlobal
